
Microsoft Visual Studio Solution File, Format Version 12.00
# Visual Studio Version 16
VisualStudioVersion = 16.0.29728.190
MinimumVisualStudioVersion = 10.0.40219.1
Project("{9A19103F-16F7-4668-BE54-9A1E7A4F7556}") = "Kafka.Client.Extensions", "Kafka.Client.Extensions\Kafka.Client.Extensions.csproj", "{FB745844-5A7B-456F-8B1F-45B6C74F09BC}"
EndProject
Global
	GlobalSection(SolutionConfigurationPlatforms) = preSolution
		Debug|Any CPU = Debug|Any CPU
		Release|Any CPU = Release|Any CPU
	EndGlobalSection
	GlobalSection(ProjectConfigurationPlatforms) = postSolution
		{FB745844-5A7B-456F-8B1F-45B6C74F09BC}.Debug|Any CPU.ActiveCfg = Debug|Any CPU
		{FB745844-5A7B-456F-8B1F-45B6C74F09BC}.Debug|Any CPU.Build.0 = Debug|Any CPU
		{FB745844-5A7B-456F-8B1F-45B6C74F09BC}.Release|Any CPU.ActiveCfg = Release|Any CPU
		{FB745844-5A7B-456F-8B1F-45B6C74F09BC}.Release|Any CPU.Build.0 = Release|Any CPU
	EndGlobalSection
	GlobalSection(SolutionProperties) = preSolution
		HideSolutionNode = FALSE
	EndGlobalSection
	GlobalSection(ExtensibilityGlobals) = postSolution
		SolutionGuid = {67AD16A9-3D75-4BEE-A508-6DA2C2700D36}
	EndGlobalSection
EndGlobal
